// !$*UTF8*$!
{
	archiveVersion = 1;
	classes = {
	};
	objectVersion = 46;
	objects = {

/* Begin PBXBuildFile section */
		8373FC791C1B8AE500258FEB /* AppDelegate.swift in Sources */ = {isa = PBXBuildFile; fileRef = 8373FC781C1B8AE500258FEB /* AppDelegate.swift */; };
		8373FC7B1C1B8AE500258FEB /* ViewController.swift in Sources */ = {isa = PBXBuildFile; fileRef = 8373FC7A1C1B8AE500258FEB /* ViewController.swift */; };
		8373FC7E1C1B8AE500258FEB /* Main.storyboard in Resources */ = {isa = PBXBuildFile; fileRef = 8373FC7C1C1B8AE500258FEB /* Main.storyboard */; };
		8373FC801C1B8AE500258FEB /* Images.xcassets in Resources */ = {isa = PBXBuildFile; fileRef = 8373FC7F1C1B8AE500258FEB /* Images.xcassets */; };
		8373FC831C1B8AE500258FEB /* LaunchScreen.xib in Resources */ = {isa = PBXBuildFile; fileRef = 8373FC811C1B8AE500258FEB /* LaunchScreen.xib */; };
		8373FC8F1C1B8AE500258FEB /* testTests.swift in Sources */ = {isa = PBXBuildFile; fileRef = 8373FC8E1C1B8AE500258FEB /* testTests.swift */; };
/* End PBXBuildFile section */

/* Begin PBXContainerItemProxy section */
		8373FC891C1B8AE500258FEB /* PBXContainerItemProxy */ = {
			isa = PBXContainerItemProxy;
			containerPortal = 8373FC6B1C1B8AE500258FEB /* Project object */;
			proxyType = 1;
			remoteGlobalIDString = 8373FC721C1B8AE500258FEB;
			remoteInfo = test;
		};
/* End PBXContainerItemProxy section */

/* Begin PBXFileReference section */
		8373FC731C1B8AE500258FEB /* test.app */ = {isa = PBXFileReference; explicitFileType = wrapper.application; includeInIndex = 0; path = test.app; sourceTree = BUILT_PRODUCTS_DIR; };
		8373FC771C1B8AE500258FEB /* Info.plist */ = {isa = PBXFileReference; lastKnownFileType = text.plist.xml; path = Info.plist; sourceTree = "<group>"; };
		8373FC781C1B8AE500258FEB /* AppDelegate.swift */ = {isa = PBXFileReference; lastKnownFileType = sourcecode.swift; path = AppDelegate.swift; sourceTree = "<group>"; };
		8373FC7A1C1B8AE500258FEB /* ViewController.swift */ = {isa = PBXFileReference; lastKnownFileType = sourcecode.swift; path = ViewController.swift; sourceTree = "<group>"; };
		8373FC7D1C1B8AE500258FEB /* Base */ = {isa = PBXFileReference; lastKnownFileType = file.storyboard; name = Base; path = Base.lproj/Main.storyboard; sourceTree = "<group>"; };
		8373FC7F1C1B8AE500258FEB /* Images.xcassets */ = {isa = PBXFileReference; lastKnownFileType = folder.assetcatalog; path = Images.xcassets; sourceTree = "<group>"; };
		8373FC821C1B8AE500258FEB /* Base */ = {isa = PBXFileReference; lastKnownFileType = file.xib; name = Base; path = Base.lproj/LaunchScreen.xib; sourceTree = "<group>"; };
		8373FC881C1B8AE500258FEB /* testTests.xctest */ = {isa = PBXFileReference; explicitFileType = wrapper.cfbundle; includeInIndex = 0; path = testTests.xctest; sourceTree = BUILT_PRODUCTS_DIR; };
		8373FC8D1C1B8AE500258FEB /* Info.plist */ = {isa = PBXFileReference; lastKnownFileType = text.plist.xml; path = Info.plist; sourceTree = "<group>"; };
		8373FC8E1C1B8AE500258FEB /* testTests.swift */ = {isa = PBXFileReference; lastKnownFileType = sourcecode.swift; path = testTests.swift; sourceTree = "<group>"; };
/* End PBXFileReference section */

/* Begin PBXFrameworksBuildPhase section */
		8373FC701C1B8AE500258FEB /* Frameworks */ = {
			isa = PBXFrameworksBuildPhase;
			buildActionMask = 2147483647;
			files = (
			);
			runOnlyForDeploymentPostprocessing = 0;
		};
		8373FC851C1B8AE500258FEB /* Frameworks */ = {
			isa = PBXFrameworksBuildPhase;
			buildActionMask = 2147483647;
			files = (
			);
			runOnlyForDeploymentPostprocessing = 0;
		};
/* End PBXFrameworksBuildPhase section */

/* Begin PBXGroup section */
		8373FC6A1C1B8AE500258FEB = {
			isa = PBXGroup;
			children = (
				8373FC751C1B8AE500258FEB /* test */,
				8373FC8B1C1B8AE500258FEB /* testTests */,
				8373FC741C1B8AE500258FEB /* Products */,
			);
			sourceTree = "<group>";
		};
		8373FC741C1B8AE500258FEB /* Products */ = {
			isa = PBXGroup;
			children = (
				8373FC731C1B8AE500258FEB /* test.app */,
				8373FC881C1B8AE500258FEB /* testTests.xctest */,
			);
			name = Products;
			sourceTree = "<group>";
		};
		8373FC751C1B8AE500258FEB /* test */ = {
			isa = PBXGroup;
			children = (
				8373FC781C1B8AE500258FEB /* AppDelegate.swift */,
				8373FC7A1C1B8AE500258FEB /* ViewController.swift */,
				8373FC7C1C1B8AE500258FEB /* Main.storyboard */,
				8373FC7F1C1B8AE500258FEB /* Images.xcassets */,
				8373FC811C1B8AE500258FEB /* LaunchScreen.xib */,
				8373FC761C1B8AE500258FEB /* Supporting Files */,
			);
			path = test;
			sourceTree = "<group>";
		};
		8373FC761C1B8AE500258FEB /* Supporting Files */ = {
			isa = PBXGroup;
			children = (
				8373FC771C1B8AE500258FEB /* Info.plist */,
			);
			name = "Supporting Files";
			sourceTree = "<group>";
		};
		8373FC8B1C1B8AE500258FEB /* testTests */ = {
			isa = PBXGroup;
			children = (
				8373FC8E1C1B8AE500258FEB /* testTests.swift */,
				8373FC8C1C1B8AE500258FEB /* Supporting Files */,
			);
			path = testTests;
			sourceTree = "<group>";
		};
		8373FC8C1C1B8AE500258FEB /* Supporting Files */ = {
			isa = PBXGroup;
			children = (
				8373FC8D1C1B8AE500258FEB /* Info.plist */,
			);
			name = "Supporting Files";
			sourceTree = "<group>";
		};
/* End PBXGroup section */

/* Begin PBXNativeTarget section */
		8373FC721C1B8AE500258FEB /* test */ = {
			isa = PBXNativeTarget;
			buildConfigurationList = 8373FC921C1B8AE500258FEB /* Build configuration list for PBXNativeTarget "test" */;
			buildPhases = (
				8373FC6F1C1B8AE500258FEB /* Sources */,
				8373FC701C1B8AE500258FEB /* Frameworks */,
				8373FC711C1B8AE500258FEB /* Resources */,
			);
			buildRules = (
			);
			dependencies = (
			);
			name = test;
			productName = test;
			productReference = 8373FC731C1B8AE500258FEB /* test.app */;
			productType = "com.apple.product-type.application";
		};
		8373FC871C1B8AE500258FEB /* testTests */ = {
			isa = PBXNativeTarget;
			buildConfigurationList = 8373FC951C1B8AE600258FEB /* Build configuration list for PBXNativeTarget "testTests" */;
			buildPhases = (
				8373FC841C1B8AE500258FEB /* Sources */,
				8373FC851C1B8AE500258FEB /* Frameworks */,
				8373FC861C1B8AE500258FEB /* Resources */,
			);
			buildRules = (
			);
			dependencies = (
				8373FC8A1C1B8AE500258FEB /* PBXTargetDependency */,
			);
			name = testTests;
			productName = testTests;
			productReference = 8373FC881C1B8AE500258FEB /* testTests.xctest */;
			productType = "com.apple.product-type.bundle.unit-test";
		};
/* End PBXNativeTarget section */

/* Begin PBXProject section */
		8373FC6B1C1B8AE500258FEB /* Project object */ = {
			isa = PBXProject;
			attributes = {
				LastSwiftMigration = 0710;
				LastSwiftUpdateCheck = 0710;
				LastUpgradeCheck = 0630;
				ORGANIZATIONNAME = codepath;
				TargetAttributes = {
					8373FC721C1B8AE500258FEB = {
						CreatedOnToolsVersion = 6.3.2;
					};
					8373FC871C1B8AE500258FEB = {
						CreatedOnToolsVersion = 6.3.2;
						TestTargetID = 8373FC721C1B8AE500258FEB;
					};
				};
			};
			buildConfigurationList = 8373FC6E1C1B8AE500258FEB /* Build configuration list for PBXProject "test" */;
			compatibilityVersion = "Xcode 3.2";
			developmentRegion = English;
			hasScannedForEncodings = 0;
			knownRegions = (
				en,
				Base,
			);
			mainGroup = 8373FC6A1C1B8AE500258FEB;
			productRefGroup = 8373FC741C1B8AE500258FEB /* Products */;
			projectDirPath = "";
			projectRoot = "";
			targets = (
				8373FC721C1B8AE500258FEB /* test */,
				8373FC871C1B8AE500258FEB /* testTests */,
			);
		};
/* End PBXProject section */

/* Begin PBXResourcesBuildPhase section */
		8373FC711C1B8AE500258FEB /* Resources */ = {
			isa = PBXResourcesBuildPhase;
			buildActionMask = 2147483647;
			files = (
				8373FC7E1C1B8AE500258FEB /* Main.storyboard in Resources */,
				8373FC831C1B8AE500258FEB /* LaunchScreen.xib in Resources */,
				8373FC801C1B8AE500258FEB /* Images.xcassets in Resources */,
			);
			runOnlyForDeploymentPostprocessing = 0;
		};
		8373FC861C1B8AE500258FEB /* Resources */ = {
			isa = PBXResourcesBuildPhase;
			buildActionMask = 2147483647;
			files = (
			);
			runOnlyForDeploymentPostprocessing = 0;
		};
/* End PBXResourcesBuildPhase section */

/* Begin PBXSourcesBuildPhase section */
		8373FC6F1C1B8AE500258FEB /* Sources */ = {
			isa = PBXSourcesBuildPhase;
			buildActionMask = 2147483647;
			files = (
				8373FC7B1C1B8AE500258FEB /* ViewController.swift in Sources */,
				8373FC791C1B8AE500258FEB /* AppDelegate.swift in Sources */,
			);
			runOnlyForDeploymentPostprocessing = 0;
		};
		8373FC841C1B8AE500258FEB /* Sources */ = {
			isa = PBXSourcesBuildPhase;
			buildActionMask = 2147483647;
			files = (
				8373FC8F1C1B8AE500258FEB /* testTests.swift in Sources */,
			);
			runOnlyForDeploymentPostprocessing = 0;
		};
/* End PBXSourcesBuildPhase section */

/* Begin PBXTargetDependency section */
		8373FC8A1C1B8AE500258FEB /* PBXTargetDependency */ = {
			isa = PBXTargetDependency;
			target = 8373FC721C1B8AE500258FEB /* test */;
			targetProxy = 8373FC891C1B8AE500258FEB /* PBXContainerItemProxy */;
		};
/* End PBXTargetDependency section */

/* Begin PBXVariantGroup section */
		8373FC7C1C1B8AE500258FEB /* Main.storyboard */ = {
			isa = PBXVariantGroup;
			children = (
				8373FC7D1C1B8AE500258FEB /* Base */,
			);
			name = Main.storyboard;
			sourceTree = "<group>";
		};
		8373FC811C1B8AE500258FEB /* LaunchScreen.xib */ = {
			isa = PBXVariantGroup;
			children = (
				8373FC821C1B8AE500258FEB /* Base */,
			);
			name = LaunchScreen.xib;
			sourceTree = "<group>";
		};
/* End PBXVariantGroup section */

/* Begin XCBuildConfiguration section */
		8373FC901C1B8AE500258FEB /* Debug */ = {
			isa = XCBuildConfiguration;
			buildSettings = {
				ALWAYS_SEARCH_USER_PATHS = NO;
				CLANG_CXX_LANGUAGE_STANDARD = "gnu++0x";
				CLANG_CXX_LIBRARY = "libc++";
				CLANG_ENABLE_MODULES = YES;
				CLANG_ENABLE_OBJC_ARC = YES;
				CLANG_WARN_BOOL_CONVERSION = YES;
				CLANG_WARN_CONSTANT_CONVERSION = YES;
				CLANG_WARN_DIRECT_OBJC_ISA_USAGE = YES_ERROR;
				CLANG_WARN_EMPTY_BODY = YES;
				CLANG_WARN_ENUM_CONVERSION = YES;
				CLANG_WARN_INT_CONVERSION = YES;
				CLANG_WARN_OBJC_ROOT_CLASS = YES_ERROR;
				CLANG_WARN_UNREACHABLE_CODE = YES;
				CLANG_WARN__DUPLICATE_METHOD_MATCH = YES;
				"CODE_SIGN_IDENTITY[sdk=iphoneos*]" = "iPhone Developer";
				COPY_PHASE_STRIP = NO;
				DEBUG_INFORMATION_FORMAT = "dwarf-with-dsym";
				ENABLE_STRICT_OBJC_MSGSEND = YES;
				GCC_C_LANGUAGE_STANDARD = gnu99;
				GCC_DYNAMIC_NO_PIC = NO;
				GCC_NO_COMMON_BLOCKS = YES;
				GCC_OPTIMIZATION_LEVEL = 0;
				GCC_PREPROCESSOR_DEFINITIONS = (
					"DEBUG=1",
					"$(inherited)",
				);
				GCC_SYMBOLS_PRIVATE_EXTERN = NO;
				GCC_WARN_64_TO_32_BIT_CONVERSION = YES;
				GCC_WARN_ABOUT_RETURN_TYPE = YES_ERROR;
				GCC_WARN_UNDECLARED_SELECTOR = YES;
				GCC_WARN_UNINITIALIZED_AUTOS = YES_AGGRESSIVE;
				GCC_WARN_UNUSED_FUNCTION = YES;
				GCC_WARN_UNUSED_VARIABLE = YES;
				IPHONEOS_DEPLOYMENT_TARGET = 8.3;
				MTL_ENABLE_DEBUG_INFO = YES;
				ONLY_ACTIVE_ARCH = YES;
				SDKROOT = iphoneos;
				SWIFT_OPTIMIZATION_LEVEL = "-Onone";
			};
			name = Debug;
		};
		8373FC911C1B8AE500258FEB /* Release */ = {
			isa = XCBuildConfiguration;
			buildSettings = {
				ALWAYS_SEARCH_USER_PATHS = NO;
				CLANG_CXX_LANGUAGE_STANDARD = "gnu++0x";
				CLANG_CXX_LIBRARY = "libc++";
				CLANG_ENABLE_MODULES = YES;
				CLANG_ENABLE_OBJC_ARC = YES;
				CLANG_WARN_BOOL_CONVERSION = YES;
				CLANG_WARN_CONSTANT_CONVERSION = YES;
				CLANG_WARN_DIRECT_OBJC_ISA_USAGE = YES_ERROR;
				CLANG_WARN_EMPTY_BODY = YES;
				CLANG_WARN_ENUM_CONVERSION = YES;
				CLANG_WARN_INT_CONVERSION = YES;
				CLANG_WARN_OBJC_ROOT_CLASS = YES_ERROR;
				CLANG_WARN_UNREACHABLE_CODE = YES;
				CLANG_WARN__DUPLICATE_METHOD_MATCH = YES;
				"CODE_SIGN_IDENTITY[sdk=iphoneos*]" = "iPhone Developer";
				COPY_PHASE_STRIP = NO;
				DEBUG_INFORMATION_FORMAT = "dwarf-with-dsym";
				ENABLE_NS_ASSERTIONS = NO;
				ENABLE_STRICT_OBJC_MSGSEND = YES;
				GCC_C_LANGUAGE_STANDARD = gnu99;
				GCC_NO_COMMON_BLOCKS = YES;
				GCC_WARN_64_TO_32_BIT_CONVERSION = YES;
				GCC_WARN_ABOUT_RETURN_TYPE = YES_ERROR;
				GCC_WARN_UNDECLARED_SELECTOR = YES;
				GCC_WARN_UNINITIALIZED_AUTOS = YES_AGGRESSIVE;
				GCC_WARN_UNUSED_FUNCTION = YES;
				GCC_WARN_UNUSED_VARIABLE = YES;
				IPHONEOS_DEPLOYMENT_TARGET = 8.3;
				MTL_ENABLE_DEBUG_INFO = NO;
				SDKROOT = iphoneos;
				VALIDATE_PRODUCT = YES;
			};
			name = Release;
		};
		8373FC931C1B8AE500258FEB /* Debug */ = {
			isa = XCBuildConfiguration;
			buildSettings = {
				ASSETCATALOG_COMPILER_APPICON_NAME = AppIcon;
				INFOPLIST_FILE = test/Info.plist;
				LD_RUNPATH_SEARCH_PATHS = "$(inherited) @executable_path/Frameworks";
				PRODUCT_NAME = "$(TARGET_NAME)";
			};
			name = Debug;
		};
		8373FC941C1B8AE500258FEB /* Release */ = {
			isa = XCBuildConfiguration;
			buildSettings = {
				ASSETCATALOG_COMPILER_APPICON_NAME = AppIcon;
				INFOPLIST_FILE = test/Info.plist;
				LD_RUNPATH_SEARCH_PATHS = "$(inherited) @executable_path/Frameworks";
				PRODUCT_NAME = "$(TARGET_NAME)";
			};
			name = Release;
		};
		8373FC961C1B8AE600258FEB /* Debug */ = {
			isa = XCBuildConfiguration;
			buildSettings = {
				BUNDLE_LOADER = "$(TEST_HOST)";
				FRAMEWORK_SEARCH_PATHS = (
					"$(SDKROOT)/Developer/Library/Frameworks",
					"$(inherited)",
				);
				GCC_PREPROCESSOR_DEFINITIONS = (
					"DEBUG=1",
					"$(inherited)",
				);
				INFOPLIST_FILE = testTests/Info.plist;
				LD_RUNPATH_SEARCH_PATHS = "$(inherited) @executable_path/Frameworks @loader_path/Frameworks";
				PRODUCT_NAME = "$(TARGET_NAME)";
				TEST_HOST = "$(BUILT_PRODUCTS_DIR)/test.app/test";
			};
			name = Debug;
		};
		8373FC971C1B8AE600258FEB /* Release */ = {
			isa = XCBuildConfiguration;
			buildSettings = {
				BUNDLE_LOADER = "$(TEST_HOST)";
				FRAMEWORK_SEARCH_PATHS = (
					"$(SDKROOT)/Developer/Library/Frameworks",
					"$(inherited)",
				);
				INFOPLIST_FILE = testTests/Info.plist;
				LD_RUNPATH_SEARCH_PATHS = "$(inherited) @executable_path/Frameworks @loader_path/Frameworks";
				PRODUCT_NAME = "$(TARGET_NAME)";
				TEST_HOST = "$(BUILT_PRODUCTS_DIR)/test.app/test";
			};
			name = Release;
		};
/* End XCBuildConfiguration section */

/* Begin XCConfigurationList section */
		8373FC6E1C1B8AE500258FEB /* Build configuration list for PBXProject "test" */ = {
			isa = XCConfigurationList;
			buildConfigurations = (
				8373FC901C1B8AE500258FEB /* Debug */,
				8373FC911C1B8AE500258FEB /* Release */,
			);
			defaultConfigurationIsVisible = 0;
			defaultConfigurationName = Release;
		};
		8373FC921C1B8AE500258FEB /* Build configuration list for PBXNativeTarget "test" */ = {
			isa = XCConfigurationList;
			buildConfigurations = (
				8373FC931C1B8AE500258FEB /* Debug */,
				8373FC941C1B8AE500258FEB /* Release */,
			);
			defaultConfigurationIsVisible = 0;
			defaultConfigurationName = Release;
		};
		8373FC951C1B8AE600258FEB /* Build configuration list for PBXNativeTarget "testTests" */ = {
			isa = XCConfigurationList;
			buildConfigurations = (
				8373FC961C1B8AE600258FEB /* Debug */,
				8373FC971C1B8AE600258FEB /* Release */,
			);
			defaultConfigurationIsVisible = 0;
			defaultConfigurationName = Release;
		};
/* End XCConfigurationList section */
	};
	rootObject = 8373FC6B1C1B8AE500258FEB /* Project object */;
}
